
Microsoft Visual Studio Solution File, Format Version 12.00
# Visual Studio Version 17
VisualStudioVersion = 17.7.34031.279
MinimumVisualStudioVersion = 10.0.40219.1
Project("{9A19103F-16F7-4668-BE54-9A1E7A4F7556}") = "Thek_VFSpawner", "Thek_VFSpawner.csproj", "{F868CE1C-8277-405F-A07C-374240748FB8}"
EndProject
Global
	GlobalSection(SolutionConfigurationPlatforms) = preSolution
		Debug|Any CPU = Debug|Any CPU
		Release|Any CPU = Release|Any CPU
	EndGlobalSection
	GlobalSection(ProjectConfigurationPlatforms) = postSolution
		{F868CE1C-8277-405F-A07C-374240748FB8}.Debug|Any CPU.ActiveCfg = Debug|Any CPU
		{F868CE1C-8277-405F-A07C-374240748FB8}.Debug|Any CPU.Build.0 = Debug|Any CPU
		{F868CE1C-8277-405F-A07C-374240748FB8}.Release|Any CPU.ActiveCfg = Release|Any CPU
		{F868CE1C-8277-405F-A07C-374240748FB8}.Release|Any CPU.Build.0 = Release|Any CPU
	EndGlobalSection
	GlobalSection(SolutionProperties) = preSolution
		HideSolutionNode = FALSE
	EndGlobalSection
	GlobalSection(ExtensibilityGlobals) = postSolution
		SolutionGuid = {C2CBB95F-4B72-4E36-BF68-8B6FFDCD5A66}
	EndGlobalSection
EndGlobal
